
Microsoft Visual Studio Solution File, Format Version 12.00
# Visual Studio 15
VisualStudioVersion = 15.0.26730.12
MinimumVisualStudioVersion = 10.0.40219.1
Project("{FAE04EC0-301F-11D3-BF4B-00C04F79EFBC}") = "LABO6", "LABO6\LABO6.csproj", "{E621D988-4BAC-46BA-ADE4-BA04C8F121AF}"
EndProject
Global
	GlobalSection(SolutionConfigurationPlatforms) = preSolution
		Debug|Any CPU = Debug|Any CPU
		Release|Any CPU = Release|Any CPU
	EndGlobalSection
	GlobalSection(ProjectConfigurationPlatforms) = postSolution
		{E621D988-4BAC-46BA-ADE4-BA04C8F121AF}.Debug|Any CPU.ActiveCfg = Debug|Any CPU
		{E621D988-4BAC-46BA-ADE4-BA04C8F121AF}.Debug|Any CPU.Build.0 = Debug|Any CPU
		{E621D988-4BAC-46BA-ADE4-BA04C8F121AF}.Release|Any CPU.ActiveCfg = Release|Any CPU
		{E621D988-4BAC-46BA-ADE4-BA04C8F121AF}.Release|Any CPU.Build.0 = Release|Any CPU
	EndGlobalSection
	GlobalSection(SolutionProperties) = preSolution
		HideSolutionNode = FALSE
	EndGlobalSection
	GlobalSection(ExtensibilityGlobals) = postSolution
		SolutionGuid = {8E83E544-5386-4F0F-91AF-BCAFD7D41835}
	EndGlobalSection
EndGlobal
