
Microsoft Visual Studio Solution File, Format Version 12.00
# Visual Studio 15
VisualStudioVersion = 15.0.26730.8
MinimumVisualStudioVersion = 10.0.40219.1
Project("{FAE04EC0-301F-11D3-BF4B-00C04F79EFBC}") = "LaboLinq", "LaboLinq\LaboLinq.csproj", "{CD41FF05-6D37-4162-8F4D-0BECE06B30ED}"
EndProject
Global
	GlobalSection(SolutionConfigurationPlatforms) = preSolution
		Debug|Any CPU = Debug|Any CPU
		Release|Any CPU = Release|Any CPU
	EndGlobalSection
	GlobalSection(ProjectConfigurationPlatforms) = postSolution
		{CD41FF05-6D37-4162-8F4D-0BECE06B30ED}.Debug|Any CPU.ActiveCfg = Debug|Any CPU
		{CD41FF05-6D37-4162-8F4D-0BECE06B30ED}.Debug|Any CPU.Build.0 = Debug|Any CPU
		{CD41FF05-6D37-4162-8F4D-0BECE06B30ED}.Release|Any CPU.ActiveCfg = Release|Any CPU
		{CD41FF05-6D37-4162-8F4D-0BECE06B30ED}.Release|Any CPU.Build.0 = Release|Any CPU
	EndGlobalSection
	GlobalSection(SolutionProperties) = preSolution
		HideSolutionNode = FALSE
	EndGlobalSection
	GlobalSection(ExtensibilityGlobals) = postSolution
		SolutionGuid = {7DE3068F-D320-4C11-AF95-890AA22B4E30}
	EndGlobalSection
EndGlobal
