
Microsoft Visual Studio Solution File, Format Version 12.00
# Visual Studio 15
VisualStudioVersion = 15.0.26730.8
MinimumVisualStudioVersion = 10.0.40219.1
Project("{FAE04EC0-301F-11D3-BF4B-00C04F79EFBC}") = "revLabo4", "revLabo4\revLabo4.csproj", "{811E1691-2770-4801-A2FE-30EF0C429538}"
EndProject
Global
	GlobalSection(SolutionConfigurationPlatforms) = preSolution
		Debug|Any CPU = Debug|Any CPU
		Release|Any CPU = Release|Any CPU
	EndGlobalSection
	GlobalSection(ProjectConfigurationPlatforms) = postSolution
		{811E1691-2770-4801-A2FE-30EF0C429538}.Debug|Any CPU.ActiveCfg = Debug|Any CPU
		{811E1691-2770-4801-A2FE-30EF0C429538}.Debug|Any CPU.Build.0 = Debug|Any CPU
		{811E1691-2770-4801-A2FE-30EF0C429538}.Release|Any CPU.ActiveCfg = Release|Any CPU
		{811E1691-2770-4801-A2FE-30EF0C429538}.Release|Any CPU.Build.0 = Release|Any CPU
	EndGlobalSection
	GlobalSection(SolutionProperties) = preSolution
		HideSolutionNode = FALSE
	EndGlobalSection
	GlobalSection(ExtensibilityGlobals) = postSolution
		SolutionGuid = {8B9F0F74-5D10-49B0-BFAA-9E088E1F769A}
	EndGlobalSection
EndGlobal
