
Microsoft Visual Studio Solution File, Format Version 12.00
# Visual Studio 15
VisualStudioVersion = 15.0.26730.12
MinimumVisualStudioVersion = 10.0.40219.1
Project("{FAE04EC0-301F-11D3-BF4B-00C04F79EFBC}") = "WebApplication5", "WebApplication5\WebApplication5.csproj", "{6CB8B6CF-712E-4017-8861-5219C2F695DD}"
EndProject
Global
	GlobalSection(SolutionConfigurationPlatforms) = preSolution
		Debug|Any CPU = Debug|Any CPU
		Release|Any CPU = Release|Any CPU
	EndGlobalSection
	GlobalSection(ProjectConfigurationPlatforms) = postSolution
		{6CB8B6CF-712E-4017-8861-5219C2F695DD}.Debug|Any CPU.ActiveCfg = Debug|Any CPU
		{6CB8B6CF-712E-4017-8861-5219C2F695DD}.Debug|Any CPU.Build.0 = Debug|Any CPU
		{6CB8B6CF-712E-4017-8861-5219C2F695DD}.Release|Any CPU.ActiveCfg = Release|Any CPU
		{6CB8B6CF-712E-4017-8861-5219C2F695DD}.Release|Any CPU.Build.0 = Release|Any CPU
	EndGlobalSection
	GlobalSection(SolutionProperties) = preSolution
		HideSolutionNode = FALSE
	EndGlobalSection
	GlobalSection(ExtensibilityGlobals) = postSolution
		SolutionGuid = {B8C6814F-4353-4E6E-B954-9E641A611036}
	EndGlobalSection
EndGlobal
