
Microsoft Visual Studio Solution File, Format Version 12.00
# Visual Studio 15
VisualStudioVersion = 15.0.26730.8
MinimumVisualStudioVersion = 10.0.40219.1
Project("{FAE04EC0-301F-11D3-BF4B-00C04F79EFBC}") = "lambda", "lambda\lambda.csproj", "{5CD04B68-5F6B-42D7-A436-1B02AE93941A}"
EndProject
Global
	GlobalSection(SolutionConfigurationPlatforms) = preSolution
		Debug|Any CPU = Debug|Any CPU
		Release|Any CPU = Release|Any CPU
	EndGlobalSection
	GlobalSection(ProjectConfigurationPlatforms) = postSolution
		{5CD04B68-5F6B-42D7-A436-1B02AE93941A}.Debug|Any CPU.ActiveCfg = Debug|Any CPU
		{5CD04B68-5F6B-42D7-A436-1B02AE93941A}.Debug|Any CPU.Build.0 = Debug|Any CPU
		{5CD04B68-5F6B-42D7-A436-1B02AE93941A}.Release|Any CPU.ActiveCfg = Release|Any CPU
		{5CD04B68-5F6B-42D7-A436-1B02AE93941A}.Release|Any CPU.Build.0 = Release|Any CPU
	EndGlobalSection
	GlobalSection(SolutionProperties) = preSolution
		HideSolutionNode = FALSE
	EndGlobalSection
	GlobalSection(ExtensibilityGlobals) = postSolution
		SolutionGuid = {BAFF0D49-97AD-4CF4-ADFF-D27C8E1C18C3}
	EndGlobalSection
EndGlobal
